
Microsoft Visual Studio Solution File, Format Version 12.00
# Visual Studio Version 16
VisualStudioVersion = 16.0.32510.428
MinimumVisualStudioVersion = 10.0.40219.1
Project("{FAE04EC0-301F-11D3-BF4B-00C04F79EFBC}") = "Programmers_CodingTest_CSharp", "Programmers_CodingTest_CSharp\Programmers_CodingTest_CSharp.csproj", "{6359A97A-7192-448C-ACD5-63D5DA7B3152}"
EndProject
Global
	GlobalSection(SolutionConfigurationPlatforms) = preSolution
		Debug|Any CPU = Debug|Any CPU
		Release|Any CPU = Release|Any CPU
	EndGlobalSection
	GlobalSection(ProjectConfigurationPlatforms) = postSolution
		{6359A97A-7192-448C-ACD5-63D5DA7B3152}.Debug|Any CPU.ActiveCfg = Debug|Any CPU
		{6359A97A-7192-448C-ACD5-63D5DA7B3152}.Debug|Any CPU.Build.0 = Debug|Any CPU
		{6359A97A-7192-448C-ACD5-63D5DA7B3152}.Release|Any CPU.ActiveCfg = Release|Any CPU
		{6359A97A-7192-448C-ACD5-63D5DA7B3152}.Release|Any CPU.Build.0 = Release|Any CPU
	EndGlobalSection
	GlobalSection(SolutionProperties) = preSolution
		HideSolutionNode = FALSE
	EndGlobalSection
	GlobalSection(ExtensibilityGlobals) = postSolution
		SolutionGuid = {9EB63506-3AFE-4344-9436-FBF4D1D1A7EA}
	EndGlobalSection
EndGlobal
